// !$*UTF8*$!
{
	archiveVersion = 1;
	classes = {
	};
	objectVersion = 50;
	objects = {

/* Begin PBXBuildFile section */
		5B0E8EF1267F275F00E3943A /* GenerationList.swift in Sources */ = {isa = PBXBuildFile; fileRef = 5B0E8EF0267F275F00E3943A /* GenerationList.swift */; };
		5B0E8EF3267F277F00E3943A /* Generation.swift in Sources */ = {isa = PBXBuildFile; fileRef = 5B0E8EF2267F277F00E3943A /* Generation.swift */; };
		5B0E8EF5267F280B00E3943A /* Region.swift in Sources */ = {isa = PBXBuildFile; fileRef = 5B0E8EF4267F280B00E3943A /* Region.swift */; };
		5B0E8F07267F2AFD00E3943A /* NetworkService.swift in Sources */ = {isa = PBXBuildFile; fileRef = 5B0E8F06267F2AFD00E3943A /* NetworkService.swift */; };
		5B0E8F17267F319900E3943A /* FetchServiceTests.swift in Sources */ = {isa = PBXBuildFile; fileRef = 5B0E8F16267F319900E3943A /* FetchServiceTests.swift */; };
		5B0EEBA0267F22860084824F /* AppDelegate.swift in Sources */ = {isa = PBXBuildFile; fileRef = 5B0EEB9F267F22860084824F /* AppDelegate.swift */; };
		5B0EEBA2267F22860084824F /* SceneDelegate.swift in Sources */ = {isa = PBXBuildFile; fileRef = 5B0EEBA1267F22860084824F /* SceneDelegate.swift */; };
		5B0EEBA4267F22860084824F /* GenerationListViewController.swift in Sources */ = {isa = PBXBuildFile; fileRef = 5B0EEBA3267F22860084824F /* GenerationListViewController.swift */; };
		5B0EEBA7267F22860084824F /* Main.storyboard in Resources */ = {isa = PBXBuildFile; fileRef = 5B0EEBA5267F22860084824F /* Main.storyboard */; };
		5B0EEBA9267F22870084824F /* Assets.xcassets in Resources */ = {isa = PBXBuildFile; fileRef = 5B0EEBA8267F22870084824F /* Assets.xcassets */; };
		5B0EEBAC267F22870084824F /* LaunchScreen.storyboard in Resources */ = {isa = PBXBuildFile; fileRef = 5B0EEBAA267F22870084824F /* LaunchScreen.storyboard */; };
		5B4C662F268637AD00BE1344 /* Pokedexes.swift in Sources */ = {isa = PBXBuildFile; fileRef = 5B4C662E268637AC00BE1344 /* Pokedexes.swift */; };
		5B4C6630268637AD00BE1344 /* Pokedexes.swift in Sources */ = {isa = PBXBuildFile; fileRef = 5B4C662E268637AC00BE1344 /* Pokedexes.swift */; };
		5B4C66352686397100BE1344 /* Pokedex.swift in Sources */ = {isa = PBXBuildFile; fileRef = 5B4C66342686397100BE1344 /* Pokedex.swift */; };
		5B4C66362686397100BE1344 /* Pokedex.swift in Sources */ = {isa = PBXBuildFile; fileRef = 5B4C66342686397100BE1344 /* Pokedex.swift */; };
		5B4C6638268639B900BE1344 /* PokemonEntry.swift in Sources */ = {isa = PBXBuildFile; fileRef = 5B4C6637268639B900BE1344 /* PokemonEntry.swift */; };
		5B4C6639268639B900BE1344 /* PokemonEntry.swift in Sources */ = {isa = PBXBuildFile; fileRef = 5B4C6637268639B900BE1344 /* PokemonEntry.swift */; };
		5B4C663E26863AB600BE1344 /* PokemonSpecies.swift in Sources */ = {isa = PBXBuildFile; fileRef = 5B4C663D26863AB600BE1344 /* PokemonSpecies.swift */; };
		5B4C663F26863AB600BE1344 /* PokemonSpecies.swift in Sources */ = {isa = PBXBuildFile; fileRef = 5B4C663D26863AB600BE1344 /* PokemonSpecies.swift */; };
		5B4C664126863BD900BE1344 /* Variety.swift in Sources */ = {isa = PBXBuildFile; fileRef = 5B4C664026863BD900BE1344 /* Variety.swift */; };
		5B4C664226863BD900BE1344 /* Variety.swift in Sources */ = {isa = PBXBuildFile; fileRef = 5B4C664026863BD900BE1344 /* Variety.swift */; };
		5B4C664726863C3E00BE1344 /* Pokemon.swift in Sources */ = {isa = PBXBuildFile; fileRef = 5B4C664626863C3E00BE1344 /* Pokemon.swift */; };
		5B4C664826863C3E00BE1344 /* Pokemon.swift in Sources */ = {isa = PBXBuildFile; fileRef = 5B4C664626863C3E00BE1344 /* Pokemon.swift */; };
		5B4C664A26863CEC00BE1344 /* Sprites.swift in Sources */ = {isa = PBXBuildFile; fileRef = 5B4C664926863CEC00BE1344 /* Sprites.swift */; };
		5B4C664B26863CEC00BE1344 /* Sprites.swift in Sources */ = {isa = PBXBuildFile; fileRef = 5B4C664926863CEC00BE1344 /* Sprites.swift */; };
		5B4C664D26863D5500BE1344 /* OtherSprites.swift in Sources */ = {isa = PBXBuildFile; fileRef = 5B4C664C26863D5500BE1344 /* OtherSprites.swift */; };
		5B4C664E26863D5500BE1344 /* OtherSprites.swift in Sources */ = {isa = PBXBuildFile; fileRef = 5B4C664C26863D5500BE1344 /* OtherSprites.swift */; };
		5B4C665026863DC500BE1344 /* OfficialArtwork.swift in Sources */ = {isa = PBXBuildFile; fileRef = 5B4C664F26863DC500BE1344 /* OfficialArtwork.swift */; };
		5B4C665126863DC500BE1344 /* OfficialArtwork.swift in Sources */ = {isa = PBXBuildFile; fileRef = 5B4C664F26863DC500BE1344 /* OfficialArtwork.swift */; };
		5B4C665626863ED400BE1344 /* Type.swift in Sources */ = {isa = PBXBuildFile; fileRef = 5B4C665526863ED400BE1344 /* Type.swift */; };
		5B4C665726863ED400BE1344 /* Type.swift in Sources */ = {isa = PBXBuildFile; fileRef = 5B4C665526863ED400BE1344 /* Type.swift */; };
		5BB396F82680BE22005AA486 /* GenerationListService.swift in Sources */ = {isa = PBXBuildFile; fileRef = 5BB396F72680BE22005AA486 /* GenerationListService.swift */; };
		5BD476472685E96300B232A5 /* GenerationListTableViewCell.swift in Sources */ = {isa = PBXBuildFile; fileRef = 5BD476452685E96300B232A5 /* GenerationListTableViewCell.swift */; };
		5BD476482685E96300B232A5 /* GenerationListTableViewCell.swift in Sources */ = {isa = PBXBuildFile; fileRef = 5BD476452685E96300B232A5 /* GenerationListTableViewCell.swift */; };
		5BD476492685E96300B232A5 /* GenerationListTableViewCell.xib in Resources */ = {isa = PBXBuildFile; fileRef = 5BD476462685E96300B232A5 /* GenerationListTableViewCell.xib */; };
		5BD4764A2685E96300B232A5 /* GenerationListTableViewCell.xib in Resources */ = {isa = PBXBuildFile; fileRef = 5BD476462685E96300B232A5 /* GenerationListTableViewCell.xib */; };
		5BD4764C2685EA3C00B232A5 /* GenerationListViewModel.swift in Sources */ = {isa = PBXBuildFile; fileRef = 5BD4764B2685EA3C00B232A5 /* GenerationListViewModel.swift */; };
		5BD4764D2685EA3C00B232A5 /* GenerationListViewModel.swift in Sources */ = {isa = PBXBuildFile; fileRef = 5BD4764B2685EA3C00B232A5 /* GenerationListViewModel.swift */; };
		5BD4764E2685F22F00B232A5 /* Generation.swift in Sources */ = {isa = PBXBuildFile; fileRef = 5B0E8EF2267F277F00E3943A /* Generation.swift */; };
		5BD4764F2685F23800B232A5 /* Region.swift in Sources */ = {isa = PBXBuildFile; fileRef = 5B0E8EF4267F280B00E3943A /* Region.swift */; };
		5BD476592685F2C000B232A5 /* GenerationListTests.swift in Sources */ = {isa = PBXBuildFile; fileRef = 5BD476582685F2C000B232A5 /* GenerationListTests.swift */; };
		5BD4765B2685FA1C00B232A5 /* PokemonListViewController.swift in Sources */ = {isa = PBXBuildFile; fileRef = 5BD4765A2685FA1C00B232A5 /* PokemonListViewController.swift */; };
		5BD4765C2685FA1C00B232A5 /* PokemonListViewController.swift in Sources */ = {isa = PBXBuildFile; fileRef = 5BD4765A2685FA1C00B232A5 /* PokemonListViewController.swift */; };
		5BD4765E2686039200B232A5 /* PokemonListViewModel.swift in Sources */ = {isa = PBXBuildFile; fileRef = 5BD4765D2686039200B232A5 /* PokemonListViewModel.swift */; };
		5BD4765F2686039200B232A5 /* PokemonListViewModel.swift in Sources */ = {isa = PBXBuildFile; fileRef = 5BD4765D2686039200B232A5 /* PokemonListViewModel.swift */; };
/* End PBXBuildFile section */

/* Begin PBXContainerItemProxy section */
		5B0E8F11267F314C00E3943A /* PBXContainerItemProxy */ = {
			isa = PBXContainerItemProxy;
			containerPortal = 5B0EEB94267F22860084824F /* Project object */;
			proxyType = 1;
			remoteGlobalIDString = 5B0EEB9B267F22860084824F;
			remoteInfo = "pokedex-app";
		};
/* End PBXContainerItemProxy section */

/* Begin PBXFileReference section */
		5B0E8EF0267F275F00E3943A /* GenerationList.swift */ = {isa = PBXFileReference; lastKnownFileType = sourcecode.swift; path = GenerationList.swift; sourceTree = "<group>"; };
		5B0E8EF2267F277F00E3943A /* Generation.swift */ = {isa = PBXFileReference; lastKnownFileType = sourcecode.swift; path = Generation.swift; sourceTree = "<group>"; };
		5B0E8EF4267F280B00E3943A /* Region.swift */ = {isa = PBXFileReference; lastKnownFileType = sourcecode.swift; path = Region.swift; sourceTree = "<group>"; };
		5B0E8F06267F2AFD00E3943A /* NetworkService.swift */ = {isa = PBXFileReference; lastKnownFileType = sourcecode.swift; path = NetworkService.swift; sourceTree = "<group>"; };
		5B0E8F0C267F314B00E3943A /* pokedex-appTests.xctest */ = {isa = PBXFileReference; explicitFileType = wrapper.cfbundle; includeInIndex = 0; path = "pokedex-appTests.xctest"; sourceTree = BUILT_PRODUCTS_DIR; };
		5B0E8F10267F314C00E3943A /* Info.plist */ = {isa = PBXFileReference; lastKnownFileType = text.plist.xml; path = Info.plist; sourceTree = "<group>"; };
		5B0E8F16267F319900E3943A /* FetchServiceTests.swift */ = {isa = PBXFileReference; lastKnownFileType = sourcecode.swift; path = FetchServiceTests.swift; sourceTree = "<group>"; };
		5B0EEB9C267F22860084824F /* pokedex-app.app */ = {isa = PBXFileReference; explicitFileType = wrapper.application; includeInIndex = 0; path = "pokedex-app.app"; sourceTree = BUILT_PRODUCTS_DIR; };
		5B0EEB9F267F22860084824F /* AppDelegate.swift */ = {isa = PBXFileReference; lastKnownFileType = sourcecode.swift; path = AppDelegate.swift; sourceTree = "<group>"; };
		5B0EEBA1267F22860084824F /* SceneDelegate.swift */ = {isa = PBXFileReference; lastKnownFileType = sourcecode.swift; path = SceneDelegate.swift; sourceTree = "<group>"; };
		5B0EEBA3267F22860084824F /* GenerationListViewController.swift */ = {isa = PBXFileReference; lastKnownFileType = sourcecode.swift; path = GenerationListViewController.swift; sourceTree = "<group>"; };
		5B0EEBA6267F22860084824F /* Base */ = {isa = PBXFileReference; lastKnownFileType = file.storyboard; name = Base; path = Base.lproj/Main.storyboard; sourceTree = "<group>"; };
		5B0EEBA8267F22870084824F /* Assets.xcassets */ = {isa = PBXFileReference; lastKnownFileType = folder.assetcatalog; path = Assets.xcassets; sourceTree = "<group>"; };
		5B0EEBAB267F22870084824F /* Base */ = {isa = PBXFileReference; lastKnownFileType = file.storyboard; name = Base; path = Base.lproj/LaunchScreen.storyboard; sourceTree = "<group>"; };
		5B0EEBAD267F22870084824F /* Info.plist */ = {isa = PBXFileReference; lastKnownFileType = text.plist.xml; path = Info.plist; sourceTree = "<group>"; };
		5B4C662E268637AC00BE1344 /* Pokedexes.swift */ = {isa = PBXFileReference; lastKnownFileType = sourcecode.swift; path = Pokedexes.swift; sourceTree = "<group>"; };
		5B4C66342686397100BE1344 /* Pokedex.swift */ = {isa = PBXFileReference; lastKnownFileType = sourcecode.swift; path = Pokedex.swift; sourceTree = "<group>"; };
		5B4C6637268639B900BE1344 /* PokemonEntry.swift */ = {isa = PBXFileReference; lastKnownFileType = sourcecode.swift; path = PokemonEntry.swift; sourceTree = "<group>"; };
		5B4C663D26863AB600BE1344 /* PokemonSpecies.swift */ = {isa = PBXFileReference; lastKnownFileType = sourcecode.swift; path = PokemonSpecies.swift; sourceTree = "<group>"; };
		5B4C664026863BD900BE1344 /* Variety.swift */ = {isa = PBXFileReference; lastKnownFileType = sourcecode.swift; path = Variety.swift; sourceTree = "<group>"; };
		5B4C664626863C3E00BE1344 /* Pokemon.swift */ = {isa = PBXFileReference; lastKnownFileType = sourcecode.swift; path = Pokemon.swift; sourceTree = "<group>"; };
		5B4C664926863CEC00BE1344 /* Sprites.swift */ = {isa = PBXFileReference; lastKnownFileType = sourcecode.swift; path = Sprites.swift; sourceTree = "<group>"; };
		5B4C664C26863D5500BE1344 /* OtherSprites.swift */ = {isa = PBXFileReference; lastKnownFileType = sourcecode.swift; path = OtherSprites.swift; sourceTree = "<group>"; };
		5B4C664F26863DC500BE1344 /* OfficialArtwork.swift */ = {isa = PBXFileReference; lastKnownFileType = sourcecode.swift; path = OfficialArtwork.swift; sourceTree = "<group>"; };
		5B4C665526863ED400BE1344 /* Type.swift */ = {isa = PBXFileReference; lastKnownFileType = sourcecode.swift; path = Type.swift; sourceTree = "<group>"; };
		5BB396F72680BE22005AA486 /* GenerationListService.swift */ = {isa = PBXFileReference; lastKnownFileType = sourcecode.swift; path = GenerationListService.swift; sourceTree = "<group>"; };
		5BD476452685E96300B232A5 /* GenerationListTableViewCell.swift */ = {isa = PBXFileReference; lastKnownFileType = sourcecode.swift; path = GenerationListTableViewCell.swift; sourceTree = "<group>"; };
		5BD476462685E96300B232A5 /* GenerationListTableViewCell.xib */ = {isa = PBXFileReference; lastKnownFileType = file.xib; path = GenerationListTableViewCell.xib; sourceTree = "<group>"; };
		5BD4764B2685EA3C00B232A5 /* GenerationListViewModel.swift */ = {isa = PBXFileReference; lastKnownFileType = sourcecode.swift; path = GenerationListViewModel.swift; sourceTree = "<group>"; };
		5BD476582685F2C000B232A5 /* GenerationListTests.swift */ = {isa = PBXFileReference; lastKnownFileType = sourcecode.swift; path = GenerationListTests.swift; sourceTree = "<group>"; };
		5BD4765A2685FA1C00B232A5 /* PokemonListViewController.swift */ = {isa = PBXFileReference; lastKnownFileType = sourcecode.swift; path = PokemonListViewController.swift; sourceTree = "<group>"; };
		5BD4765D2686039200B232A5 /* PokemonListViewModel.swift */ = {isa = PBXFileReference; lastKnownFileType = sourcecode.swift; path = PokemonListViewModel.swift; sourceTree = "<group>"; };
/* End PBXFileReference section */

/* Begin PBXFrameworksBuildPhase section */
		5B0E8F09267F314B00E3943A /* Frameworks */ = {
			isa = PBXFrameworksBuildPhase;
			buildActionMask = 2147483647;
			files = (
			);
			runOnlyForDeploymentPostprocessing = 0;
		};
		5B0EEB99267F22860084824F /* Frameworks */ = {
			isa = PBXFrameworksBuildPhase;
			buildActionMask = 2147483647;
			files = (
			);
			runOnlyForDeploymentPostprocessing = 0;
		};
/* End PBXFrameworksBuildPhase section */

/* Begin PBXGroup section */
		5B0E8EEE267F272400E3943A /* Controllers */ = {
			isa = PBXGroup;
			children = (
				5B0EEBA3267F22860084824F /* GenerationListViewController.swift */,
				5BD4765A2685FA1C00B232A5 /* PokemonListViewController.swift */,
			);
			path = Controllers;
			sourceTree = "<group>";
		};
		5B0E8EEF267F273A00E3943A /* App */ = {
			isa = PBXGroup;
			children = (
				5B0EEB9F267F22860084824F /* AppDelegate.swift */,
				5B0EEBA1267F22860084824F /* SceneDelegate.swift */,
			);
			path = App;
			sourceTree = "<group>";
		};
		5B0E8F0D267F314C00E3943A /* pokedex-appTests */ = {
			isa = PBXGroup;
			children = (
				5B0E8F10267F314C00E3943A /* Info.plist */,
				5B0E8F16267F319900E3943A /* FetchServiceTests.swift */,
				5BD476582685F2C000B232A5 /* GenerationListTests.swift */,
			);
			path = "pokedex-appTests";
			sourceTree = "<group>";
		};
		5B0EEB93267F22860084824F = {
			isa = PBXGroup;
			children = (
				5B0EEB9E267F22860084824F /* pokedex-app */,
				5B0E8F0D267F314C00E3943A /* pokedex-appTests */,
				5B0EEB9D267F22860084824F /* Products */,
			);
			sourceTree = "<group>";
		};
		5B0EEB9D267F22860084824F /* Products */ = {
			isa = PBXGroup;
			children = (
				5B0EEB9C267F22860084824F /* pokedex-app.app */,
				5B0E8F0C267F314B00E3943A /* pokedex-appTests.xctest */,
			);
			name = Products;
			sourceTree = "<group>";
		};
		5B0EEB9E267F22860084824F /* pokedex-app */ = {
			isa = PBXGroup;
			children = (
				5B0EEBA8267F22870084824F /* Assets.xcassets */,
				5B0EEBAA267F22870084824F /* LaunchScreen.storyboard */,
				5B0EEBAD267F22870084824F /* Info.plist */,
				5B0E8EEF267F273A00E3943A /* App */,
				5B0EEBB6267F236E0084824F /* Utilities */,
				5B0EEBB5267F234F0084824F /* Model */,
				5B0EEBB4267F234D0084824F /* View */,
				5B0EEBB3267F234A0084824F /* View Model */,
			);
			path = "pokedex-app";
			sourceTree = "<group>";
		};
		5B0EEBB3267F234A0084824F /* View Model */ = {
			isa = PBXGroup;
			children = (
				5BD4764B2685EA3C00B232A5 /* GenerationListViewModel.swift */,
				5BD4765D2686039200B232A5 /* PokemonListViewModel.swift */,
			);
			path = "View Model";
			sourceTree = "<group>";
		};
		5B0EEBB4267F234D0084824F /* View */ = {
			isa = PBXGroup;
			children = (
				5BD476412685E90500B232A5 /* Cells */,
				5B0E8EEE267F272400E3943A /* Controllers */,
				5B0EEBB9267F23C50084824F /* Storyboards */,
				5B0EEBA5267F22860084824F /* Main.storyboard */,
			);
			path = View;
			sourceTree = "<group>";
		};
		5B0EEBB5267F234F0084824F /* Model */ = {
			isa = PBXGroup;
			children = (
				5B0E8EF0267F275F00E3943A /* GenerationList.swift */,
				5B0E8EF2267F277F00E3943A /* Generation.swift */,
				5B0E8EF4267F280B00E3943A /* Region.swift */,
				5B4C662E268637AC00BE1344 /* Pokedexes.swift */,
				5B4C66342686397100BE1344 /* Pokedex.swift */,
				5B4C6637268639B900BE1344 /* PokemonEntry.swift */,
				5B4C663D26863AB600BE1344 /* PokemonSpecies.swift */,
				5B4C664026863BD900BE1344 /* Variety.swift */,
				5B4C664626863C3E00BE1344 /* Pokemon.swift */,
				5B4C664926863CEC00BE1344 /* Sprites.swift */,
				5B4C664C26863D5500BE1344 /* OtherSprites.swift */,
				5B4C664F26863DC500BE1344 /* OfficialArtwork.swift */,
				5B4C665526863ED400BE1344 /* Type.swift */,
			);
			path = Model;
			sourceTree = "<group>";
		};
		5B0EEBB6267F236E0084824F /* Utilities */ = {
			isa = PBXGroup;
			children = (
				5B0EEBB8267F23770084824F /* Extensions */,
				5B0EEBB7267F23730084824F /* Services */,
			);
			path = Utilities;
			sourceTree = "<group>";
		};
		5B0EEBB7267F23730084824F /* Services */ = {
			isa = PBXGroup;
			children = (
				5B0E8F06267F2AFD00E3943A /* NetworkService.swift */,
				5BB396F72680BE22005AA486 /* GenerationListService.swift */,
			);
			path = Services;
			sourceTree = "<group>";
		};
		5B0EEBB8267F23770084824F /* Extensions */ = {
			isa = PBXGroup;
			children = (
			);
			path = Extensions;
			sourceTree = "<group>";
		};
		5B0EEBB9267F23C50084824F /* Storyboards */ = {
			isa = PBXGroup;
			children = (
			);
			path = Storyboards;
			sourceTree = "<group>";
		};
		5BD476412685E90500B232A5 /* Cells */ = {
			isa = PBXGroup;
			children = (
				5BD476452685E96300B232A5 /* GenerationListTableViewCell.swift */,
				5BD476462685E96300B232A5 /* GenerationListTableViewCell.xib */,
			);
			path = Cells;
			sourceTree = "<group>";
		};
/* End PBXGroup section */

/* Begin PBXNativeTarget section */
		5B0E8F0B267F314B00E3943A /* pokedex-appTests */ = {
			isa = PBXNativeTarget;
			buildConfigurationList = 5B0E8F13267F314C00E3943A /* Build configuration list for PBXNativeTarget "pokedex-appTests" */;
			buildPhases = (
				5B0E8F08267F314B00E3943A /* Sources */,
				5B0E8F09267F314B00E3943A /* Frameworks */,
				5B0E8F0A267F314B00E3943A /* Resources */,
			);
			buildRules = (
			);
			dependencies = (
				5B0E8F12267F314C00E3943A /* PBXTargetDependency */,
			);
			name = "pokedex-appTests";
			productName = "pokedex-appTests";
			productReference = 5B0E8F0C267F314B00E3943A /* pokedex-appTests.xctest */;
			productType = "com.apple.product-type.bundle.unit-test";
		};
		5B0EEB9B267F22860084824F /* pokedex-app */ = {
			isa = PBXNativeTarget;
			buildConfigurationList = 5B0EEBB0267F22870084824F /* Build configuration list for PBXNativeTarget "pokedex-app" */;
			buildPhases = (
				5B0EEB98267F22860084824F /* Sources */,
				5B0EEB99267F22860084824F /* Frameworks */,
				5B0EEB9A267F22860084824F /* Resources */,
			);
			buildRules = (
			);
			dependencies = (
			);
			name = "pokedex-app";
			productName = "pokedex-app";
			productReference = 5B0EEB9C267F22860084824F /* pokedex-app.app */;
			productType = "com.apple.product-type.application";
		};
/* End PBXNativeTarget section */

/* Begin PBXProject section */
		5B0EEB94267F22860084824F /* Project object */ = {
			isa = PBXProject;
			attributes = {
				LastSwiftUpdateCheck = 1170;
				LastUpgradeCheck = 1170;
				ORGANIZATIONNAME = "JM Sumague";
				TargetAttributes = {
					5B0E8F0B267F314B00E3943A = {
						CreatedOnToolsVersion = 11.7;
						LastSwiftMigration = 1170;
						TestTargetID = 5B0EEB9B267F22860084824F;
					};
					5B0EEB9B267F22860084824F = {
						CreatedOnToolsVersion = 11.7;
					};
				};
			};
			buildConfigurationList = 5B0EEB97267F22860084824F /* Build configuration list for PBXProject "pokedex-app" */;
			compatibilityVersion = "Xcode 9.3";
			developmentRegion = en;
			hasScannedForEncodings = 0;
			knownRegions = (
				en,
				Base,
			);
			mainGroup = 5B0EEB93267F22860084824F;
			productRefGroup = 5B0EEB9D267F22860084824F /* Products */;
			projectDirPath = "";
			projectRoot = "";
			targets = (
				5B0EEB9B267F22860084824F /* pokedex-app */,
				5B0E8F0B267F314B00E3943A /* pokedex-appTests */,
			);
		};
/* End PBXProject section */

/* Begin PBXResourcesBuildPhase section */
		5B0E8F0A267F314B00E3943A /* Resources */ = {
			isa = PBXResourcesBuildPhase;
			buildActionMask = 2147483647;
			files = (
				5BD4764A2685E96300B232A5 /* GenerationListTableViewCell.xib in Resources */,
			);
			runOnlyForDeploymentPostprocessing = 0;
		};
		5B0EEB9A267F22860084824F /* Resources */ = {
			isa = PBXResourcesBuildPhase;
			buildActionMask = 2147483647;
			files = (
				5B0EEBAC267F22870084824F /* LaunchScreen.storyboard in Resources */,
				5B0EEBA9267F22870084824F /* Assets.xcassets in Resources */,
				5B0EEBA7267F22860084824F /* Main.storyboard in Resources */,
				5BD476492685E96300B232A5 /* GenerationListTableViewCell.xib in Resources */,
			);
			runOnlyForDeploymentPostprocessing = 0;
		};
/* End PBXResourcesBuildPhase section */

/* Begin PBXSourcesBuildPhase section */
		5B0E8F08267F314B00E3943A /* Sources */ = {
			isa = PBXSourcesBuildPhase;
			buildActionMask = 2147483647;
			files = (
				5BD476592685F2C000B232A5 /* GenerationListTests.swift in Sources */,
				5B4C664226863BD900BE1344 /* Variety.swift in Sources */,
				5BD4764D2685EA3C00B232A5 /* GenerationListViewModel.swift in Sources */,
				5B4C665126863DC500BE1344 /* OfficialArtwork.swift in Sources */,
				5B4C664826863C3E00BE1344 /* Pokemon.swift in Sources */,
				5B4C665726863ED400BE1344 /* Type.swift in Sources */,
				5B4C6639268639B900BE1344 /* PokemonEntry.swift in Sources */,
				5B4C664E26863D5500BE1344 /* OtherSprites.swift in Sources */,
				5B0E8F17267F319900E3943A /* FetchServiceTests.swift in Sources */,
				5BD4765F2686039200B232A5 /* PokemonListViewModel.swift in Sources */,
				5BD476482685E96300B232A5 /* GenerationListTableViewCell.swift in Sources */,
				5BD4764F2685F23800B232A5 /* Region.swift in Sources */,
				5B4C663F26863AB600BE1344 /* PokemonSpecies.swift in Sources */,
				5B4C664B26863CEC00BE1344 /* Sprites.swift in Sources */,
				5B4C66362686397100BE1344 /* Pokedex.swift in Sources */,
				5BD4764E2685F22F00B232A5 /* Generation.swift in Sources */,
				5BD4765C2685FA1C00B232A5 /* PokemonListViewController.swift in Sources */,
				5B4C6630268637AD00BE1344 /* Pokedexes.swift in Sources */,
			);
			runOnlyForDeploymentPostprocessing = 0;
		};
		5B0EEB98267F22860084824F /* Sources */ = {
			isa = PBXSourcesBuildPhase;
			buildActionMask = 2147483647;
			files = (
				5B0EEBA4267F22860084824F /* GenerationListViewController.swift in Sources */,
				5B0EEBA0267F22860084824F /* AppDelegate.swift in Sources */,
				5B4C66352686397100BE1344 /* Pokedex.swift in Sources */,
				5B0EEBA2267F22860084824F /* SceneDelegate.swift in Sources */,
				5B4C663E26863AB600BE1344 /* PokemonSpecies.swift in Sources */,
				5B4C665626863ED400BE1344 /* Type.swift in Sources */,
				5BD4764C2685EA3C00B232A5 /* GenerationListViewModel.swift in Sources */,
				5BD4765B2685FA1C00B232A5 /* PokemonListViewController.swift in Sources */,
				5B4C664126863BD900BE1344 /* Variety.swift in Sources */,
				5B4C662F268637AD00BE1344 /* Pokedexes.swift in Sources */,
				5B0E8EF5267F280B00E3943A /* Region.swift in Sources */,
				5B0E8EF1267F275F00E3943A /* GenerationList.swift in Sources */,
				5B4C6638268639B900BE1344 /* PokemonEntry.swift in Sources */,
				5B4C664D26863D5500BE1344 /* OtherSprites.swift in Sources */,
				5B4C664726863C3E00BE1344 /* Pokemon.swift in Sources */,
				5B0E8F07267F2AFD00E3943A /* NetworkService.swift in Sources */,
				5B0E8EF3267F277F00E3943A /* Generation.swift in Sources */,
				5B4C664A26863CEC00BE1344 /* Sprites.swift in Sources */,
				5BD476472685E96300B232A5 /* GenerationListTableViewCell.swift in Sources */,
				5BD4765E2686039200B232A5 /* PokemonListViewModel.swift in Sources */,
				5BB396F82680BE22005AA486 /* GenerationListService.swift in Sources */,
				5B4C665026863DC500BE1344 /* OfficialArtwork.swift in Sources */,
			);
			runOnlyForDeploymentPostprocessing = 0;
		};
/* End PBXSourcesBuildPhase section */

/* Begin PBXTargetDependency section */
		5B0E8F12267F314C00E3943A /* PBXTargetDependency */ = {
			isa = PBXTargetDependency;
			target = 5B0EEB9B267F22860084824F /* pokedex-app */;
			targetProxy = 5B0E8F11267F314C00E3943A /* PBXContainerItemProxy */;
		};
/* End PBXTargetDependency section */

/* Begin PBXVariantGroup section */
		5B0EEBA5267F22860084824F /* Main.storyboard */ = {
			isa = PBXVariantGroup;
			children = (
				5B0EEBA6267F22860084824F /* Base */,
			);
			name = Main.storyboard;
			sourceTree = "<group>";
		};
		5B0EEBAA267F22870084824F /* LaunchScreen.storyboard */ = {
			isa = PBXVariantGroup;
			children = (
				5B0EEBAB267F22870084824F /* Base */,
			);
			name = LaunchScreen.storyboard;
			sourceTree = "<group>";
		};
/* End PBXVariantGroup section */

/* Begin XCBuildConfiguration section */
		5B0E8F14267F314C00E3943A /* Debug */ = {
			isa = XCBuildConfiguration;
			buildSettings = {
				BUNDLE_LOADER = "$(TEST_HOST)";
				CLANG_ENABLE_MODULES = YES;
				CODE_SIGN_STYLE = Automatic;
				INFOPLIST_FILE = "pokedex-appTests/Info.plist";
				LD_RUNPATH_SEARCH_PATHS = (
					"$(inherited)",
					"@executable_path/Frameworks",
					"@loader_path/Frameworks",
				);
				PRODUCT_BUNDLE_IDENTIFIER = "com.personal.pokedex-appTests";
				PRODUCT_NAME = "$(TARGET_NAME)";
				SWIFT_OPTIMIZATION_LEVEL = "-Onone";
				SWIFT_VERSION = 5.0;
				TARGETED_DEVICE_FAMILY = "1,2";
				TEST_HOST = "$(BUILT_PRODUCTS_DIR)/pokedex-app.app/pokedex-app";
			};
			name = Debug;
		};
		5B0E8F15267F314C00E3943A /* Release */ = {
			isa = XCBuildConfiguration;
			buildSettings = {
				BUNDLE_LOADER = "$(TEST_HOST)";
				CLANG_ENABLE_MODULES = YES;
				CODE_SIGN_STYLE = Automatic;
				INFOPLIST_FILE = "pokedex-appTests/Info.plist";
				LD_RUNPATH_SEARCH_PATHS = (
					"$(inherited)",
					"@executable_path/Frameworks",
					"@loader_path/Frameworks",
				);
				PRODUCT_BUNDLE_IDENTIFIER = "com.personal.pokedex-appTests";
				PRODUCT_NAME = "$(TARGET_NAME)";
				SWIFT_VERSION = 5.0;
				TARGETED_DEVICE_FAMILY = "1,2";
				TEST_HOST = "$(BUILT_PRODUCTS_DIR)/pokedex-app.app/pokedex-app";
			};
			name = Release;
		};
		5B0EEBAE267F22870084824F /* Debug */ = {
			isa = XCBuildConfiguration;
			buildSettings = {
				ALWAYS_SEARCH_USER_PATHS = NO;
				CLANG_ANALYZER_NONNULL = YES;
				CLANG_ANALYZER_NUMBER_OBJECT_CONVERSION = YES_AGGRESSIVE;
				CLANG_CXX_LANGUAGE_STANDARD = "gnu++14";
				CLANG_CXX_LIBRARY = "libc++";
				CLANG_ENABLE_MODULES = YES;
				CLANG_ENABLE_OBJC_ARC = YES;
				CLANG_ENABLE_OBJC_WEAK = YES;
				CLANG_WARN_BLOCK_CAPTURE_AUTORELEASING = YES;
				CLANG_WARN_BOOL_CONVERSION = YES;
				CLANG_WARN_COMMA = YES;
				CLANG_WARN_CONSTANT_CONVERSION = YES;
				CLANG_WARN_DEPRECATED_OBJC_IMPLEMENTATIONS = YES;
				CLANG_WARN_DIRECT_OBJC_ISA_USAGE = YES_ERROR;
				CLANG_WARN_DOCUMENTATION_COMMENTS = YES;
				CLANG_WARN_EMPTY_BODY = YES;
				CLANG_WARN_ENUM_CONVERSION = YES;
				CLANG_WARN_INFINITE_RECURSION = YES;
				CLANG_WARN_INT_CONVERSION = YES;
				CLANG_WARN_NON_LITERAL_NULL_CONVERSION = YES;
				CLANG_WARN_OBJC_IMPLICIT_RETAIN_SELF = YES;
				CLANG_WARN_OBJC_LITERAL_CONVERSION = YES;
				CLANG_WARN_OBJC_ROOT_CLASS = YES_ERROR;
				CLANG_WARN_RANGE_LOOP_ANALYSIS = YES;
				CLANG_WARN_STRICT_PROTOTYPES = YES;
				CLANG_WARN_SUSPICIOUS_MOVE = YES;
				CLANG_WARN_UNGUARDED_AVAILABILITY = YES_AGGRESSIVE;
				CLANG_WARN_UNREACHABLE_CODE = YES;
				CLANG_WARN__DUPLICATE_METHOD_MATCH = YES;
				COPY_PHASE_STRIP = NO;
				DEBUG_INFORMATION_FORMAT = dwarf;
				ENABLE_STRICT_OBJC_MSGSEND = YES;
				ENABLE_TESTABILITY = YES;
				GCC_C_LANGUAGE_STANDARD = gnu11;
				GCC_DYNAMIC_NO_PIC = NO;
				GCC_NO_COMMON_BLOCKS = YES;
				GCC_OPTIMIZATION_LEVEL = 0;
				GCC_PREPROCESSOR_DEFINITIONS = (
					"DEBUG=1",
					"$(inherited)",
				);
				GCC_WARN_64_TO_32_BIT_CONVERSION = YES;
				GCC_WARN_ABOUT_RETURN_TYPE = YES_ERROR;
				GCC_WARN_UNDECLARED_SELECTOR = YES;
				GCC_WARN_UNINITIALIZED_AUTOS = YES_AGGRESSIVE;
				GCC_WARN_UNUSED_FUNCTION = YES;
				GCC_WARN_UNUSED_VARIABLE = YES;
				IPHONEOS_DEPLOYMENT_TARGET = 13.7;
				MTL_ENABLE_DEBUG_INFO = INCLUDE_SOURCE;
				MTL_FAST_MATH = YES;
				ONLY_ACTIVE_ARCH = YES;
				SDKROOT = iphoneos;
				SWIFT_ACTIVE_COMPILATION_CONDITIONS = DEBUG;
				SWIFT_OPTIMIZATION_LEVEL = "-Onone";
			};
			name = Debug;
		};
		5B0EEBAF267F22870084824F /* Release */ = {
			isa = XCBuildConfiguration;
			buildSettings = {
				ALWAYS_SEARCH_USER_PATHS = NO;
				CLANG_ANALYZER_NONNULL = YES;
				CLANG_ANALYZER_NUMBER_OBJECT_CONVERSION = YES_AGGRESSIVE;
				CLANG_CXX_LANGUAGE_STANDARD = "gnu++14";
				CLANG_CXX_LIBRARY = "libc++";
				CLANG_ENABLE_MODULES = YES;
				CLANG_ENABLE_OBJC_ARC = YES;
				CLANG_ENABLE_OBJC_WEAK = YES;
				CLANG_WARN_BLOCK_CAPTURE_AUTORELEASING = YES;
				CLANG_WARN_BOOL_CONVERSION = YES;
				CLANG_WARN_COMMA = YES;
				CLANG_WARN_CONSTANT_CONVERSION = YES;
				CLANG_WARN_DEPRECATED_OBJC_IMPLEMENTATIONS = YES;
				CLANG_WARN_DIRECT_OBJC_ISA_USAGE = YES_ERROR;
				CLANG_WARN_DOCUMENTATION_COMMENTS = YES;
				CLANG_WARN_EMPTY_BODY = YES;
				CLANG_WARN_ENUM_CONVERSION = YES;
				CLANG_WARN_INFINITE_RECURSION = YES;
				CLANG_WARN_INT_CONVERSION = YES;
				CLANG_WARN_NON_LITERAL_NULL_CONVERSION = YES;
				CLANG_WARN_OBJC_IMPLICIT_RETAIN_SELF = YES;
				CLANG_WARN_OBJC_LITERAL_CONVERSION = YES;
				CLANG_WARN_OBJC_ROOT_CLASS = YES_ERROR;
				CLANG_WARN_RANGE_LOOP_ANALYSIS = YES;
				CLANG_WARN_STRICT_PROTOTYPES = YES;
				CLANG_WARN_SUSPICIOUS_MOVE = YES;
				CLANG_WARN_UNGUARDED_AVAILABILITY = YES_AGGRESSIVE;
				CLANG_WARN_UNREACHABLE_CODE = YES;
				CLANG_WARN__DUPLICATE_METHOD_MATCH = YES;
				COPY_PHASE_STRIP = NO;
				DEBUG_INFORMATION_FORMAT = "dwarf-with-dsym";
				ENABLE_NS_ASSERTIONS = NO;
				ENABLE_STRICT_OBJC_MSGSEND = YES;
				GCC_C_LANGUAGE_STANDARD = gnu11;
				GCC_NO_COMMON_BLOCKS = YES;
				GCC_WARN_64_TO_32_BIT_CONVERSION = YES;
				GCC_WARN_ABOUT_RETURN_TYPE = YES_ERROR;
				GCC_WARN_UNDECLARED_SELECTOR = YES;
				GCC_WARN_UNINITIALIZED_AUTOS = YES_AGGRESSIVE;
				GCC_WARN_UNUSED_FUNCTION = YES;
				GCC_WARN_UNUSED_VARIABLE = YES;
				IPHONEOS_DEPLOYMENT_TARGET = 13.7;
				MTL_ENABLE_DEBUG_INFO = NO;
				MTL_FAST_MATH = YES;
				SDKROOT = iphoneos;
				SWIFT_COMPILATION_MODE = wholemodule;
				SWIFT_OPTIMIZATION_LEVEL = "-O";
				VALIDATE_PRODUCT = YES;
			};
			name = Release;
		};
		5B0EEBB1267F22870084824F /* Debug */ = {
			isa = XCBuildConfiguration;
			buildSettings = {
				ASSETCATALOG_COMPILER_APPICON_NAME = AppIcon;
				CODE_SIGN_STYLE = Automatic;
				INFOPLIST_FILE = "pokedex-app/Info.plist";
				LD_RUNPATH_SEARCH_PATHS = (
					"$(inherited)",
					"@executable_path/Frameworks",
				);
				PRODUCT_BUNDLE_IDENTIFIER = "com.personal.pokedex-app";
				PRODUCT_NAME = "$(TARGET_NAME)";
				SWIFT_VERSION = 5.0;
				TARGETED_DEVICE_FAMILY = 1;
			};
			name = Debug;
		};
		5B0EEBB2267F22870084824F /* Release */ = {
			isa = XCBuildConfiguration;
			buildSettings = {
				ASSETCATALOG_COMPILER_APPICON_NAME = AppIcon;
				CODE_SIGN_STYLE = Automatic;
				INFOPLIST_FILE = "pokedex-app/Info.plist";
				LD_RUNPATH_SEARCH_PATHS = (
					"$(inherited)",
					"@executable_path/Frameworks",
				);
				PRODUCT_BUNDLE_IDENTIFIER = "com.personal.pokedex-app";
				PRODUCT_NAME = "$(TARGET_NAME)";
				SWIFT_VERSION = 5.0;
				TARGETED_DEVICE_FAMILY = 1;
			};
			name = Release;
		};
/* End XCBuildConfiguration section */

/* Begin XCConfigurationList section */
		5B0E8F13267F314C00E3943A /* Build configuration list for PBXNativeTarget "pokedex-appTests" */ = {
			isa = XCConfigurationList;
			buildConfigurations = (
				5B0E8F14267F314C00E3943A /* Debug */,
				5B0E8F15267F314C00E3943A /* Release */,
			);
			defaultConfigurationIsVisible = 0;
			defaultConfigurationName = Release;
		};
		5B0EEB97267F22860084824F /* Build configuration list for PBXProject "pokedex-app" */ = {
			isa = XCConfigurationList;
			buildConfigurations = (
				5B0EEBAE267F22870084824F /* Debug */,
				5B0EEBAF267F22870084824F /* Release */,
			);
			defaultConfigurationIsVisible = 0;
			defaultConfigurationName = Release;
		};
		5B0EEBB0267F22870084824F /* Build configuration list for PBXNativeTarget "pokedex-app" */ = {
			isa = XCConfigurationList;
			buildConfigurations = (
				5B0EEBB1267F22870084824F /* Debug */,
				5B0EEBB2267F22870084824F /* Release */,
			);
			defaultConfigurationIsVisible = 0;
			defaultConfigurationName = Release;
		};
/* End XCConfigurationList section */
	};
	rootObject = 5B0EEB94267F22860084824F /* Project object */;
}
